{
  "pins" : [
    {
      "identity" : "instabug-sp",
      "kind" : "remoteSourceControl",
      "location" : "git@github.com:Instabug/Instabug-SP.git",
      "state" : {
        "revision" : "c23a1632e4bca2d282e3ec6a232dd03cbabdbd0f",
        "version" : "11.9.1"
      }
    }
  ],
  "version" : 2
}
