// !$*UTF8*$!
{
	archiveVersion = 1;
	classes = {
	};
	objectVersion = 56;
	objects = {

/* Begin PBXBuildFile section */
		86A39F7E29C28B5300BB104D /* AppDelegate.swift in Sources */ = {isa = PBXBuildFile; fileRef = 86A39F7D29C28B5300BB104D /* AppDelegate.swift */; };
		86A39F8029C28B5300BB104D /* SceneDelegate.swift in Sources */ = {isa = PBXBuildFile; fileRef = 86A39F7F29C28B5300BB104D /* SceneDelegate.swift */; };
		86A39F8229C28B5300BB104D /* ViewController.swift in Sources */ = {isa = PBXBuildFile; fileRef = 86A39F8129C28B5300BB104D /* ViewController.swift */; };
		86A39F8529C28B5300BB104D /* Main.storyboard in Resources */ = {isa = PBXBuildFile; fileRef = 86A39F8329C28B5300BB104D /* Main.storyboard */; };
		86A39F8729C28B5400BB104D /* Assets.xcassets in Resources */ = {isa = PBXBuildFile; fileRef = 86A39F8629C28B5400BB104D /* Assets.xcassets */; };
		86A39F8A29C28B5400BB104D /* LaunchScreen.storyboard in Resources */ = {isa = PBXBuildFile; fileRef = 86A39F8829C28B5400BB104D /* LaunchScreen.storyboard */; };
		86A39F9D29C28CD700BB104D /* AppDelegate.swift in Sources */ = {isa = PBXBuildFile; fileRef = 86A39F9C29C28CD700BB104D /* AppDelegate.swift */; };
		86A39F9F29C28CD700BB104D /* ViewController.swift in Sources */ = {isa = PBXBuildFile; fileRef = 86A39F9E29C28CD700BB104D /* ViewController.swift */; };
		86A39FA229C28CD700BB104D /* Main.storyboard in Resources */ = {isa = PBXBuildFile; fileRef = 86A39FA029C28CD700BB104D /* Main.storyboard */; };
		86A39FA429C28CDA00BB104D /* Assets.xcassets in Resources */ = {isa = PBXBuildFile; fileRef = 86A39FA329C28CDA00BB104D /* Assets.xcassets */; };
		86A39FA729C28CDA00BB104D /* LaunchScreen.storyboard in Resources */ = {isa = PBXBuildFile; fileRef = 86A39FA529C28CDA00BB104D /* LaunchScreen.storyboard */; };
		86A39FB829CA6FC900BB104D /* InstabugStatic.xcframework in Frameworks */ = {isa = PBXBuildFile; fileRef = 86A39FB629CA6FBD00BB104D /* InstabugStatic.xcframework */; };
		86A39FB929CA6FC900BB104D /* InstabugStatic.xcframework in Embed Frameworks */ = {isa = PBXBuildFile; fileRef = 86A39FB629CA6FBD00BB104D /* InstabugStatic.xcframework */; settings = {ATTRIBUTES = (CodeSignOnCopy, RemoveHeadersOnCopy, ); }; };
		86A39FBA29CA6FCF00BB104D /* InstabugStatic.xcframework in Frameworks */ = {isa = PBXBuildFile; fileRef = 86A39FB429CA6FA800BB104D /* InstabugStatic.xcframework */; };
		86A39FBB29CA6FCF00BB104D /* InstabugStatic.xcframework in Embed Frameworks */ = {isa = PBXBuildFile; fileRef = 86A39FB429CA6FA800BB104D /* InstabugStatic.xcframework */; settings = {ATTRIBUTES = (CodeSignOnCopy, RemoveHeadersOnCopy, ); }; };
/* End PBXBuildFile section */

/* Begin PBXCopyFilesBuildPhase section */
		86A39F9529C28BE700BB104D /* Embed Frameworks */ = {
			isa = PBXCopyFilesBuildPhase;
			buildActionMask = 2147483647;
			dstPath = "";
			dstSubfolderSpec = 10;
			files = (
				86A39FBB29CA6FCF00BB104D /* InstabugStatic.xcframework in Embed Frameworks */,
			);
			name = "Embed Frameworks";
			runOnlyForDeploymentPostprocessing = 0;
		};
		86A39FAE29C28D2200BB104D /* Embed Frameworks */ = {
			isa = PBXCopyFilesBuildPhase;
			buildActionMask = 2147483647;
			dstPath = "";
			dstSubfolderSpec = 10;
			files = (
				86A39FB929CA6FC900BB104D /* InstabugStatic.xcframework in Embed Frameworks */,
			);
			name = "Embed Frameworks";
			runOnlyForDeploymentPostprocessing = 0;
		};
/* End PBXCopyFilesBuildPhase section */

/* Begin PBXFileReference section */
		86A39F7A29C28B5300BB104D /* XCFrameworkDemo.app */ = {isa = PBXFileReference; explicitFileType = wrapper.application; includeInIndex = 0; path = XCFrameworkDemo.app; sourceTree = BUILT_PRODUCTS_DIR; };
		86A39F7D29C28B5300BB104D /* AppDelegate.swift */ = {isa = PBXFileReference; lastKnownFileType = sourcecode.swift; path = AppDelegate.swift; sourceTree = "<group>"; };
		86A39F7F29C28B5300BB104D /* SceneDelegate.swift */ = {isa = PBXFileReference; lastKnownFileType = sourcecode.swift; path = SceneDelegate.swift; sourceTree = "<group>"; };
		86A39F8129C28B5300BB104D /* ViewController.swift */ = {isa = PBXFileReference; lastKnownFileType = sourcecode.swift; path = ViewController.swift; sourceTree = "<group>"; };
		86A39F8429C28B5300BB104D /* Base */ = {isa = PBXFileReference; lastKnownFileType = file.storyboard; name = Base; path = Base.lproj/Main.storyboard; sourceTree = "<group>"; };
		86A39F8629C28B5400BB104D /* Assets.xcassets */ = {isa = PBXFileReference; lastKnownFileType = folder.assetcatalog; path = Assets.xcassets; sourceTree = "<group>"; };
		86A39F8929C28B5400BB104D /* Base */ = {isa = PBXFileReference; lastKnownFileType = file.storyboard; name = Base; path = Base.lproj/LaunchScreen.storyboard; sourceTree = "<group>"; };
		86A39F8B29C28B5400BB104D /* Info.plist */ = {isa = PBXFileReference; lastKnownFileType = text.plist.xml; path = Info.plist; sourceTree = "<group>"; };
		86A39F9A29C28CD700BB104D /* XCFrameworkTVOSDemo.app */ = {isa = PBXFileReference; explicitFileType = wrapper.application; includeInIndex = 0; path = XCFrameworkTVOSDemo.app; sourceTree = BUILT_PRODUCTS_DIR; };
		86A39F9C29C28CD700BB104D /* AppDelegate.swift */ = {isa = PBXFileReference; lastKnownFileType = sourcecode.swift; path = AppDelegate.swift; sourceTree = "<group>"; };
		86A39F9E29C28CD700BB104D /* ViewController.swift */ = {isa = PBXFileReference; lastKnownFileType = sourcecode.swift; path = ViewController.swift; sourceTree = "<group>"; };
		86A39FA129C28CD700BB104D /* Base */ = {isa = PBXFileReference; lastKnownFileType = file.storyboard; name = Base; path = Base.lproj/Main.storyboard; sourceTree = "<group>"; };
		86A39FA329C28CDA00BB104D /* Assets.xcassets */ = {isa = PBXFileReference; lastKnownFileType = folder.assetcatalog; path = Assets.xcassets; sourceTree = "<group>"; };
		86A39FA629C28CDA00BB104D /* Base */ = {isa = PBXFileReference; lastKnownFileType = file.storyboard; name = Base; path = Base.lproj/LaunchScreen.storyboard; sourceTree = "<group>"; };
		86A39FB429CA6FA800BB104D /* InstabugStatic.xcframework */ = {isa = PBXFileReference; lastKnownFileType = wrapper.xcframework; path = InstabugStatic.xcframework; sourceTree = "<group>"; };
		86A39FB629CA6FBD00BB104D /* InstabugStatic.xcframework */ = {isa = PBXFileReference; lastKnownFileType = wrapper.xcframework; path = InstabugStatic.xcframework; sourceTree = "<group>"; };
/* End PBXFileReference section */

/* Begin PBXFrameworksBuildPhase section */
		86A39F7729C28B5300BB104D /* Frameworks */ = {
			isa = PBXFrameworksBuildPhase;
			buildActionMask = 2147483647;
			files = (
				86A39FBA29CA6FCF00BB104D /* InstabugStatic.xcframework in Frameworks */,
			);
			runOnlyForDeploymentPostprocessing = 0;
		};
		86A39F9729C28CD700BB104D /* Frameworks */ = {
			isa = PBXFrameworksBuildPhase;
			buildActionMask = 2147483647;
			files = (
				86A39FB829CA6FC900BB104D /* InstabugStatic.xcframework in Frameworks */,
			);
			runOnlyForDeploymentPostprocessing = 0;
		};
/* End PBXFrameworksBuildPhase section */

/* Begin PBXGroup section */
		86A39F7129C28B5300BB104D = {
			isa = PBXGroup;
			children = (
				86A39F7C29C28B5300BB104D /* XCFrameworkDemo */,
				86A39F9B29C28CD700BB104D /* XCFrameworkTVOSDemo */,
				86A39F7B29C28B5300BB104D /* Products */,
			);
			sourceTree = "<group>";
		};
		86A39F7B29C28B5300BB104D /* Products */ = {
			isa = PBXGroup;
			children = (
				86A39F7A29C28B5300BB104D /* XCFrameworkDemo.app */,
				86A39F9A29C28CD700BB104D /* XCFrameworkTVOSDemo.app */,
			);
			name = Products;
			sourceTree = "<group>";
		};
		86A39F7C29C28B5300BB104D /* XCFrameworkDemo */ = {
			isa = PBXGroup;
			children = (
				86A39FB429CA6FA800BB104D /* InstabugStatic.xcframework */,
				86A39F7D29C28B5300BB104D /* AppDelegate.swift */,
				86A39F7F29C28B5300BB104D /* SceneDelegate.swift */,
				86A39F8129C28B5300BB104D /* ViewController.swift */,
				86A39F8329C28B5300BB104D /* Main.storyboard */,
				86A39F8629C28B5400BB104D /* Assets.xcassets */,
				86A39F8829C28B5400BB104D /* LaunchScreen.storyboard */,
				86A39F8B29C28B5400BB104D /* Info.plist */,
			);
			path = XCFrameworkDemo;
			sourceTree = "<group>";
		};
		86A39F9B29C28CD700BB104D /* XCFrameworkTVOSDemo */ = {
			isa = PBXGroup;
			children = (
				86A39FB629CA6FBD00BB104D /* InstabugStatic.xcframework */,
				86A39F9C29C28CD700BB104D /* AppDelegate.swift */,
				86A39F9E29C28CD700BB104D /* ViewController.swift */,
				86A39FA029C28CD700BB104D /* Main.storyboard */,
				86A39FA329C28CDA00BB104D /* Assets.xcassets */,
				86A39FA529C28CDA00BB104D /* LaunchScreen.storyboard */,
			);
			path = XCFrameworkTVOSDemo;
			sourceTree = "<group>";
		};
/* End PBXGroup section */

/* Begin PBXNativeTarget section */
		86A39F7929C28B5300BB104D /* XCFrameworkDemo */ = {
			isa = PBXNativeTarget;
			buildConfigurationList = 86A39F8E29C28B5400BB104D /* Build configuration list for PBXNativeTarget "XCFrameworkDemo" */;
			buildPhases = (
				86A39F7629C28B5300BB104D /* Sources */,
				86A39F7729C28B5300BB104D /* Frameworks */,
				86A39F7829C28B5300BB104D /* Resources */,
				86A39F9529C28BE700BB104D /* Embed Frameworks */,
				86A39FBC29CA71DD00BB104D /* ShellScript */,
			);
			buildRules = (
			);
			dependencies = (
			);
			name = XCFrameworkDemo;
			productName = XCFrameworkDemo;
			productReference = 86A39F7A29C28B5300BB104D /* XCFrameworkDemo.app */;
			productType = "com.apple.product-type.application";
		};
		86A39F9929C28CD700BB104D /* XCFrameworkTVOSDemo */ = {
			isa = PBXNativeTarget;
			buildConfigurationList = 86A39FA829C28CDA00BB104D /* Build configuration list for PBXNativeTarget "XCFrameworkTVOSDemo" */;
			buildPhases = (
				86A39F9629C28CD700BB104D /* Sources */,
				86A39F9729C28CD700BB104D /* Frameworks */,
				86A39F9829C28CD700BB104D /* Resources */,
				86A39FAE29C28D2200BB104D /* Embed Frameworks */,
			);
			buildRules = (
			);
			dependencies = (
			);
			name = XCFrameworkTVOSDemo;
			productName = XCFrameworkTVOSDemo;
			productReference = 86A39F9A29C28CD700BB104D /* XCFrameworkTVOSDemo.app */;
			productType = "com.apple.product-type.application";
		};
/* End PBXNativeTarget section */

/* Begin PBXProject section */
		86A39F7229C28B5300BB104D /* Project object */ = {
			isa = PBXProject;
			attributes = {
				BuildIndependentTargetsInParallel = 1;
				LastSwiftUpdateCheck = 1420;
				LastUpgradeCheck = 1420;
				TargetAttributes = {
					86A39F7929C28B5300BB104D = {
						CreatedOnToolsVersion = 14.2;
					};
					86A39F9929C28CD700BB104D = {
						CreatedOnToolsVersion = 14.2;
					};
				};
			};
			buildConfigurationList = 86A39F7529C28B5300BB104D /* Build configuration list for PBXProject "XCFrameworkDemo" */;
			compatibilityVersion = "Xcode 14.0";
			developmentRegion = en;
			hasScannedForEncodings = 0;
			knownRegions = (
				en,
				Base,
			);
			mainGroup = 86A39F7129C28B5300BB104D;
			productRefGroup = 86A39F7B29C28B5300BB104D /* Products */;
			projectDirPath = "";
			projectRoot = "";
			targets = (
				86A39F7929C28B5300BB104D /* XCFrameworkDemo */,
				86A39F9929C28CD700BB104D /* XCFrameworkTVOSDemo */,
			);
		};
/* End PBXProject section */

/* Begin PBXResourcesBuildPhase section */
		86A39F7829C28B5300BB104D /* Resources */ = {
			isa = PBXResourcesBuildPhase;
			buildActionMask = 2147483647;
			files = (
				86A39F8A29C28B5400BB104D /* LaunchScreen.storyboard in Resources */,
				86A39F8729C28B5400BB104D /* Assets.xcassets in Resources */,
				86A39F8529C28B5300BB104D /* Main.storyboard in Resources */,
			);
			runOnlyForDeploymentPostprocessing = 0;
		};
		86A39F9829C28CD700BB104D /* Resources */ = {
			isa = PBXResourcesBuildPhase;
			buildActionMask = 2147483647;
			files = (
				86A39FA729C28CDA00BB104D /* LaunchScreen.storyboard in Resources */,
				86A39FA429C28CDA00BB104D /* Assets.xcassets in Resources */,
				86A39FA229C28CD700BB104D /* Main.storyboard in Resources */,
			);
			runOnlyForDeploymentPostprocessing = 0;
		};
/* End PBXResourcesBuildPhase section */

/* Begin PBXShellScriptBuildPhase section */
		86A39FBC29CA71DD00BB104D /* ShellScript */ = {
			isa = PBXShellScriptBuildPhase;
			buildActionMask = 2147483647;
			files = (
			);
			inputFileListPaths = (
			);
			inputPaths = (
			);
			outputFileListPaths = (
			);
			outputPaths = (
			);
			runOnlyForDeploymentPostprocessing = 0;
			shellPath = /bin/sh;
			shellScript = "# Type a script or drag a script file from your workspace to insert its path.\n";
		};
/* End PBXShellScriptBuildPhase section */

/* Begin PBXSourcesBuildPhase section */
		86A39F7629C28B5300BB104D /* Sources */ = {
			isa = PBXSourcesBuildPhase;
			buildActionMask = 2147483647;
			files = (
				86A39F8229C28B5300BB104D /* ViewController.swift in Sources */,
				86A39F7E29C28B5300BB104D /* AppDelegate.swift in Sources */,
				86A39F8029C28B5300BB104D /* SceneDelegate.swift in Sources */,
			);
			runOnlyForDeploymentPostprocessing = 0;
		};
		86A39F9629C28CD700BB104D /* Sources */ = {
			isa = PBXSourcesBuildPhase;
			buildActionMask = 2147483647;
			files = (
				86A39F9F29C28CD700BB104D /* ViewController.swift in Sources */,
				86A39F9D29C28CD700BB104D /* AppDelegate.swift in Sources */,
			);
			runOnlyForDeploymentPostprocessing = 0;
		};
/* End PBXSourcesBuildPhase section */

/* Begin PBXVariantGroup section */
		86A39F8329C28B5300BB104D /* Main.storyboard */ = {
			isa = PBXVariantGroup;
			children = (
				86A39F8429C28B5300BB104D /* Base */,
			);
			name = Main.storyboard;
			sourceTree = "<group>";
		};
		86A39F8829C28B5400BB104D /* LaunchScreen.storyboard */ = {
			isa = PBXVariantGroup;
			children = (
				86A39F8929C28B5400BB104D /* Base */,
			);
			name = LaunchScreen.storyboard;
			sourceTree = "<group>";
		};
		86A39FA029C28CD700BB104D /* Main.storyboard */ = {
			isa = PBXVariantGroup;
			children = (
				86A39FA129C28CD700BB104D /* Base */,
			);
			name = Main.storyboard;
			sourceTree = "<group>";
		};
		86A39FA529C28CDA00BB104D /* LaunchScreen.storyboard */ = {
			isa = PBXVariantGroup;
			children = (
				86A39FA629C28CDA00BB104D /* Base */,
			);
			name = LaunchScreen.storyboard;
			sourceTree = "<group>";
		};
/* End PBXVariantGroup section */

/* Begin XCBuildConfiguration section */
		86A39F8C29C28B5400BB104D /* Debug */ = {
			isa = XCBuildConfiguration;
			buildSettings = {
				ALWAYS_SEARCH_USER_PATHS = NO;
				CLANG_ANALYZER_NONNULL = YES;
				CLANG_ANALYZER_NUMBER_OBJECT_CONVERSION = YES_AGGRESSIVE;
				CLANG_CXX_LANGUAGE_STANDARD = "gnu++20";
				CLANG_ENABLE_MODULES = YES;
				CLANG_ENABLE_OBJC_ARC = YES;
				CLANG_ENABLE_OBJC_WEAK = YES;
				CLANG_WARN_BLOCK_CAPTURE_AUTORELEASING = YES;
				CLANG_WARN_BOOL_CONVERSION = YES;
				CLANG_WARN_COMMA = YES;
				CLANG_WARN_CONSTANT_CONVERSION = YES;
				CLANG_WARN_DEPRECATED_OBJC_IMPLEMENTATIONS = YES;
				CLANG_WARN_DIRECT_OBJC_ISA_USAGE = YES_ERROR;
				CLANG_WARN_DOCUMENTATION_COMMENTS = YES;
				CLANG_WARN_EMPTY_BODY = YES;
				CLANG_WARN_ENUM_CONVERSION = YES;
				CLANG_WARN_INFINITE_RECURSION = YES;
				CLANG_WARN_INT_CONVERSION = YES;
				CLANG_WARN_NON_LITERAL_NULL_CONVERSION = YES;
				CLANG_WARN_OBJC_IMPLICIT_RETAIN_SELF = YES;
				CLANG_WARN_OBJC_LITERAL_CONVERSION = YES;
				CLANG_WARN_OBJC_ROOT_CLASS = YES_ERROR;
				CLANG_WARN_QUOTED_INCLUDE_IN_FRAMEWORK_HEADER = YES;
				CLANG_WARN_RANGE_LOOP_ANALYSIS = YES;
				CLANG_WARN_STRICT_PROTOTYPES = YES;
				CLANG_WARN_SUSPICIOUS_MOVE = YES;
				CLANG_WARN_UNGUARDED_AVAILABILITY = YES_AGGRESSIVE;
				CLANG_WARN_UNREACHABLE_CODE = YES;
				CLANG_WARN__DUPLICATE_METHOD_MATCH = YES;
				COPY_PHASE_STRIP = NO;
				DEBUG_INFORMATION_FORMAT = dwarf;
				ENABLE_STRICT_OBJC_MSGSEND = YES;
				ENABLE_TESTABILITY = YES;
				GCC_C_LANGUAGE_STANDARD = gnu11;
				GCC_DYNAMIC_NO_PIC = NO;
				GCC_NO_COMMON_BLOCKS = YES;
				GCC_OPTIMIZATION_LEVEL = 0;
				GCC_PREPROCESSOR_DEFINITIONS = (
					"DEBUG=1",
					"$(inherited)",
				);
				GCC_WARN_64_TO_32_BIT_CONVERSION = YES;
				GCC_WARN_ABOUT_RETURN_TYPE = YES_ERROR;
				GCC_WARN_UNDECLARED_SELECTOR = YES;
				GCC_WARN_UNINITIALIZED_AUTOS = YES_AGGRESSIVE;
				GCC_WARN_UNUSED_FUNCTION = YES;
				GCC_WARN_UNUSED_VARIABLE = YES;
				IPHONEOS_DEPLOYMENT_TARGET = 16.2;
				MTL_ENABLE_DEBUG_INFO = INCLUDE_SOURCE;
				MTL_FAST_MATH = YES;
				ONLY_ACTIVE_ARCH = YES;
				OTHER_LDFLAGS = "-Objc";
				OTHER_LIBTOOLFLAGS = "-Objc";
				SDKROOT = iphoneos;
				SWIFT_ACTIVE_COMPILATION_CONDITIONS = DEBUG;
				SWIFT_OPTIMIZATION_LEVEL = "-Onone";
			};
			name = Debug;
		};
		86A39F8D29C28B5400BB104D /* Release */ = {
			isa = XCBuildConfiguration;
			buildSettings = {
				ALWAYS_SEARCH_USER_PATHS = NO;
				CLANG_ANALYZER_NONNULL = YES;
				CLANG_ANALYZER_NUMBER_OBJECT_CONVERSION = YES_AGGRESSIVE;
				CLANG_CXX_LANGUAGE_STANDARD = "gnu++20";
				CLANG_ENABLE_MODULES = YES;
				CLANG_ENABLE_OBJC_ARC = YES;
				CLANG_ENABLE_OBJC_WEAK = YES;
				CLANG_WARN_BLOCK_CAPTURE_AUTORELEASING = YES;
				CLANG_WARN_BOOL_CONVERSION = YES;
				CLANG_WARN_COMMA = YES;
				CLANG_WARN_CONSTANT_CONVERSION = YES;
				CLANG_WARN_DEPRECATED_OBJC_IMPLEMENTATIONS = YES;
				CLANG_WARN_DIRECT_OBJC_ISA_USAGE = YES_ERROR;
				CLANG_WARN_DOCUMENTATION_COMMENTS = YES;
				CLANG_WARN_EMPTY_BODY = YES;
				CLANG_WARN_ENUM_CONVERSION = YES;
				CLANG_WARN_INFINITE_RECURSION = YES;
				CLANG_WARN_INT_CONVERSION = YES;
				CLANG_WARN_NON_LITERAL_NULL_CONVERSION = YES;
				CLANG_WARN_OBJC_IMPLICIT_RETAIN_SELF = YES;
				CLANG_WARN_OBJC_LITERAL_CONVERSION = YES;
				CLANG_WARN_OBJC_ROOT_CLASS = YES_ERROR;
				CLANG_WARN_QUOTED_INCLUDE_IN_FRAMEWORK_HEADER = YES;
				CLANG_WARN_RANGE_LOOP_ANALYSIS = YES;
				CLANG_WARN_STRICT_PROTOTYPES = YES;
				CLANG_WARN_SUSPICIOUS_MOVE = YES;
				CLANG_WARN_UNGUARDED_AVAILABILITY = YES_AGGRESSIVE;
				CLANG_WARN_UNREACHABLE_CODE = YES;
				CLANG_WARN__DUPLICATE_METHOD_MATCH = YES;
				COPY_PHASE_STRIP = NO;
				DEBUG_INFORMATION_FORMAT = "dwarf-with-dsym";
				ENABLE_NS_ASSERTIONS = NO;
				ENABLE_STRICT_OBJC_MSGSEND = YES;
				GCC_C_LANGUAGE_STANDARD = gnu11;
				GCC_NO_COMMON_BLOCKS = YES;
				GCC_WARN_64_TO_32_BIT_CONVERSION = YES;
				GCC_WARN_ABOUT_RETURN_TYPE = YES_ERROR;
				GCC_WARN_UNDECLARED_SELECTOR = YES;
				GCC_WARN_UNINITIALIZED_AUTOS = YES_AGGRESSIVE;
				GCC_WARN_UNUSED_FUNCTION = YES;
				GCC_WARN_UNUSED_VARIABLE = YES;
				IPHONEOS_DEPLOYMENT_TARGET = 16.2;
				MTL_ENABLE_DEBUG_INFO = NO;
				MTL_FAST_MATH = YES;
				OTHER_LDFLAGS = "-Objc";
				OTHER_LIBTOOLFLAGS = "-Objc";
				SDKROOT = iphoneos;
				SWIFT_COMPILATION_MODE = wholemodule;
				SWIFT_OPTIMIZATION_LEVEL = "-O";
				VALIDATE_PRODUCT = YES;
			};
			name = Release;
		};
		86A39F8F29C28B5400BB104D /* Debug */ = {
			isa = XCBuildConfiguration;
			buildSettings = {
				ASSETCATALOG_COMPILER_APPICON_NAME = AppIcon;
				ASSETCATALOG_COMPILER_GLOBAL_ACCENT_COLOR_NAME = AccentColor;
				CODE_SIGN_STYLE = Automatic;
				CURRENT_PROJECT_VERSION = 1;
				GENERATE_INFOPLIST_FILE = YES;
				INFOPLIST_FILE = XCFrameworkDemo/Info.plist;
				INFOPLIST_KEY_UIApplicationSupportsIndirectInputEvents = YES;
				INFOPLIST_KEY_UILaunchStoryboardName = LaunchScreen;
				INFOPLIST_KEY_UIMainStoryboardFile = Main;
				INFOPLIST_KEY_UISupportedInterfaceOrientations_iPad = "UIInterfaceOrientationPortrait UIInterfaceOrientationPortraitUpsideDown UIInterfaceOrientationLandscapeLeft UIInterfaceOrientationLandscapeRight";
				INFOPLIST_KEY_UISupportedInterfaceOrientations_iPhone = "UIInterfaceOrientationPortrait UIInterfaceOrientationLandscapeLeft UIInterfaceOrientationLandscapeRight";
				LD_RUNPATH_SEARCH_PATHS = (
					"$(inherited)",
					"@executable_path/Frameworks",
				);
				MARKETING_VERSION = 1.0;
				PRODUCT_BUNDLE_IDENTIFIER = com.XCFrameworkDemo;
				PRODUCT_NAME = "$(TARGET_NAME)";
				SWIFT_EMIT_LOC_STRINGS = YES;
				SWIFT_VERSION = 5.0;
				TARGETED_DEVICE_FAMILY = "1,2";
			};
			name = Debug;
		};
		86A39F9029C28B5400BB104D /* Release */ = {
			isa = XCBuildConfiguration;
			buildSettings = {
				ASSETCATALOG_COMPILER_APPICON_NAME = AppIcon;
				ASSETCATALOG_COMPILER_GLOBAL_ACCENT_COLOR_NAME = AccentColor;
				CODE_SIGN_STYLE = Automatic;
				CURRENT_PROJECT_VERSION = 1;
				GENERATE_INFOPLIST_FILE = YES;
				INFOPLIST_FILE = XCFrameworkDemo/Info.plist;
				INFOPLIST_KEY_UIApplicationSupportsIndirectInputEvents = YES;
				INFOPLIST_KEY_UILaunchStoryboardName = LaunchScreen;
				INFOPLIST_KEY_UIMainStoryboardFile = Main;
				INFOPLIST_KEY_UISupportedInterfaceOrientations_iPad = "UIInterfaceOrientationPortrait UIInterfaceOrientationPortraitUpsideDown UIInterfaceOrientationLandscapeLeft UIInterfaceOrientationLandscapeRight";
				INFOPLIST_KEY_UISupportedInterfaceOrientations_iPhone = "UIInterfaceOrientationPortrait UIInterfaceOrientationLandscapeLeft UIInterfaceOrientationLandscapeRight";
				LD_RUNPATH_SEARCH_PATHS = (
					"$(inherited)",
					"@executable_path/Frameworks",
				);
				MARKETING_VERSION = 1.0;
				PRODUCT_BUNDLE_IDENTIFIER = com.XCFrameworkDemo;
				PRODUCT_NAME = "$(TARGET_NAME)";
				SWIFT_EMIT_LOC_STRINGS = YES;
				SWIFT_VERSION = 5.0;
				TARGETED_DEVICE_FAMILY = "1,2";
			};
			name = Release;
		};
		86A39FA929C28CDA00BB104D /* Debug */ = {
			isa = XCBuildConfiguration;
			buildSettings = {
				ASSETCATALOG_COMPILER_APPICON_NAME = "App Icon & Top Shelf Image";
				ASSETCATALOG_COMPILER_GLOBAL_ACCENT_COLOR_NAME = AccentColor;
				CODE_SIGN_STYLE = Automatic;
				CURRENT_PROJECT_VERSION = 1;
				GENERATE_INFOPLIST_FILE = YES;
				INFOPLIST_KEY_UILaunchStoryboardName = LaunchScreen;
				INFOPLIST_KEY_UIMainStoryboardFile = Main;
				INFOPLIST_KEY_UIUserInterfaceStyle = Automatic;
				LD_RUNPATH_SEARCH_PATHS = (
					"$(inherited)",
					"@executable_path/Frameworks",
				);
				MARKETING_VERSION = 1.0;
				PRODUCT_BUNDLE_IDENTIFIER = com.XCFrameworkTVOSDemo;
				PRODUCT_NAME = "$(TARGET_NAME)";
				SDKROOT = appletvos;
				SWIFT_EMIT_LOC_STRINGS = YES;
				SWIFT_VERSION = 5.0;
				TARGETED_DEVICE_FAMILY = 3;
				TVOS_DEPLOYMENT_TARGET = 16.1;
			};
			name = Debug;
		};
		86A39FAA29C28CDA00BB104D /* Release */ = {
			isa = XCBuildConfiguration;
			buildSettings = {
				ASSETCATALOG_COMPILER_APPICON_NAME = "App Icon & Top Shelf Image";
				ASSETCATALOG_COMPILER_GLOBAL_ACCENT_COLOR_NAME = AccentColor;
				CODE_SIGN_STYLE = Automatic;
				CURRENT_PROJECT_VERSION = 1;
				GENERATE_INFOPLIST_FILE = YES;
				INFOPLIST_KEY_UILaunchStoryboardName = LaunchScreen;
				INFOPLIST_KEY_UIMainStoryboardFile = Main;
				INFOPLIST_KEY_UIUserInterfaceStyle = Automatic;
				LD_RUNPATH_SEARCH_PATHS = (
					"$(inherited)",
					"@executable_path/Frameworks",
				);
				MARKETING_VERSION = 1.0;
				PRODUCT_BUNDLE_IDENTIFIER = com.XCFrameworkTVOSDemo;
				PRODUCT_NAME = "$(TARGET_NAME)";
				SDKROOT = appletvos;
				SWIFT_EMIT_LOC_STRINGS = YES;
				SWIFT_VERSION = 5.0;
				TARGETED_DEVICE_FAMILY = 3;
				TVOS_DEPLOYMENT_TARGET = 16.1;
			};
			name = Release;
		};
/* End XCBuildConfiguration section */

/* Begin XCConfigurationList section */
		86A39F7529C28B5300BB104D /* Build configuration list for PBXProject "XCFrameworkDemo" */ = {
			isa = XCConfigurationList;
			buildConfigurations = (
				86A39F8C29C28B5400BB104D /* Debug */,
				86A39F8D29C28B5400BB104D /* Release */,
			);
			defaultConfigurationIsVisible = 0;
			defaultConfigurationName = Release;
		};
		86A39F8E29C28B5400BB104D /* Build configuration list for PBXNativeTarget "XCFrameworkDemo" */ = {
			isa = XCConfigurationList;
			buildConfigurations = (
				86A39F8F29C28B5400BB104D /* Debug */,
				86A39F9029C28B5400BB104D /* Release */,
			);
			defaultConfigurationIsVisible = 0;
			defaultConfigurationName = Release;
		};
		86A39FA829C28CDA00BB104D /* Build configuration list for PBXNativeTarget "XCFrameworkTVOSDemo" */ = {
			isa = XCConfigurationList;
			buildConfigurations = (
				86A39FA929C28CDA00BB104D /* Debug */,
				86A39FAA29C28CDA00BB104D /* Release */,
			);
			defaultConfigurationIsVisible = 0;
			defaultConfigurationName = Release;
		};
/* End XCConfigurationList section */
	};
	rootObject = 86A39F7229C28B5300BB104D /* Project object */;
}
