// !$*UTF8*$!
{
	archiveVersion = 1;
	classes = {
	};
	objectVersion = 56;
	objects = {

/* Begin PBXBuildFile section */
		8640A67329B4C99300A660C5 /* AppDelegate.swift in Sources */ = {isa = PBXBuildFile; fileRef = 8640A67229B4C99300A660C5 /* AppDelegate.swift */; };
		8640A67529B4C99300A660C5 /* SceneDelegate.swift in Sources */ = {isa = PBXBuildFile; fileRef = 8640A67429B4C99300A660C5 /* SceneDelegate.swift */; };
		8640A67729B4C99300A660C5 /* ViewController.swift in Sources */ = {isa = PBXBuildFile; fileRef = 8640A67629B4C99300A660C5 /* ViewController.swift */; };
		8640A67A29B4C99300A660C5 /* Main.storyboard in Resources */ = {isa = PBXBuildFile; fileRef = 8640A67829B4C99300A660C5 /* Main.storyboard */; };
		8640A67C29B4C99400A660C5 /* Assets.xcassets in Resources */ = {isa = PBXBuildFile; fileRef = 8640A67B29B4C99400A660C5 /* Assets.xcassets */; };
		8640A67F29B4C99400A660C5 /* LaunchScreen.storyboard in Resources */ = {isa = PBXBuildFile; fileRef = 8640A67D29B4C99400A660C5 /* LaunchScreen.storyboard */; };
		8640A68A29B4C99400A660C5 /* SPMDemoTests.swift in Sources */ = {isa = PBXBuildFile; fileRef = 8640A68929B4C99400A660C5 /* SPMDemoTests.swift */; };
		8640A69429B4C99400A660C5 /* SPMDemoUITests.swift in Sources */ = {isa = PBXBuildFile; fileRef = 8640A69329B4C99400A660C5 /* SPMDemoUITests.swift */; };
		8640A69629B4C99400A660C5 /* SPMDemoUITestsLaunchTests.swift in Sources */ = {isa = PBXBuildFile; fileRef = 8640A69529B4C99400A660C5 /* SPMDemoUITestsLaunchTests.swift */; };
		8640A6A429B4CA5400A660C5 /* Instabug in Frameworks */ = {isa = PBXBuildFile; productRef = 8640A6A329B4CA5400A660C5 /* Instabug */; };
/* End PBXBuildFile section */

/* Begin PBXContainerItemProxy section */
		8640A68629B4C99400A660C5 /* PBXContainerItemProxy */ = {
			isa = PBXContainerItemProxy;
			containerPortal = 8640A66729B4C99300A660C5 /* Project object */;
			proxyType = 1;
			remoteGlobalIDString = 8640A66E29B4C99300A660C5;
			remoteInfo = SPMDemo;
		};
		8640A69029B4C99400A660C5 /* PBXContainerItemProxy */ = {
			isa = PBXContainerItemProxy;
			containerPortal = 8640A66729B4C99300A660C5 /* Project object */;
			proxyType = 1;
			remoteGlobalIDString = 8640A66E29B4C99300A660C5;
			remoteInfo = SPMDemo;
		};
/* End PBXContainerItemProxy section */

/* Begin PBXFileReference section */
		8640A66F29B4C99300A660C5 /* SPMDemo.app */ = {isa = PBXFileReference; explicitFileType = wrapper.application; includeInIndex = 0; path = SPMDemo.app; sourceTree = BUILT_PRODUCTS_DIR; };
		8640A67229B4C99300A660C5 /* AppDelegate.swift */ = {isa = PBXFileReference; lastKnownFileType = sourcecode.swift; path = AppDelegate.swift; sourceTree = "<group>"; };
		8640A67429B4C99300A660C5 /* SceneDelegate.swift */ = {isa = PBXFileReference; lastKnownFileType = sourcecode.swift; path = SceneDelegate.swift; sourceTree = "<group>"; };
		8640A67629B4C99300A660C5 /* ViewController.swift */ = {isa = PBXFileReference; lastKnownFileType = sourcecode.swift; path = ViewController.swift; sourceTree = "<group>"; };
		8640A67929B4C99300A660C5 /* Base */ = {isa = PBXFileReference; lastKnownFileType = file.storyboard; name = Base; path = Base.lproj/Main.storyboard; sourceTree = "<group>"; };
		8640A67B29B4C99400A660C5 /* Assets.xcassets */ = {isa = PBXFileReference; lastKnownFileType = folder.assetcatalog; path = Assets.xcassets; sourceTree = "<group>"; };
		8640A67E29B4C99400A660C5 /* Base */ = {isa = PBXFileReference; lastKnownFileType = file.storyboard; name = Base; path = Base.lproj/LaunchScreen.storyboard; sourceTree = "<group>"; };
		8640A68029B4C99400A660C5 /* Info.plist */ = {isa = PBXFileReference; lastKnownFileType = text.plist.xml; path = Info.plist; sourceTree = "<group>"; };
		8640A68529B4C99400A660C5 /* SPMDemoTests.xctest */ = {isa = PBXFileReference; explicitFileType = wrapper.cfbundle; includeInIndex = 0; path = SPMDemoTests.xctest; sourceTree = BUILT_PRODUCTS_DIR; };
		8640A68929B4C99400A660C5 /* SPMDemoTests.swift */ = {isa = PBXFileReference; lastKnownFileType = sourcecode.swift; path = SPMDemoTests.swift; sourceTree = "<group>"; };
		8640A68F29B4C99400A660C5 /* SPMDemoUITests.xctest */ = {isa = PBXFileReference; explicitFileType = wrapper.cfbundle; includeInIndex = 0; path = SPMDemoUITests.xctest; sourceTree = BUILT_PRODUCTS_DIR; };
		8640A69329B4C99400A660C5 /* SPMDemoUITests.swift */ = {isa = PBXFileReference; lastKnownFileType = sourcecode.swift; path = SPMDemoUITests.swift; sourceTree = "<group>"; };
		8640A69529B4C99400A660C5 /* SPMDemoUITestsLaunchTests.swift */ = {isa = PBXFileReference; lastKnownFileType = sourcecode.swift; path = SPMDemoUITestsLaunchTests.swift; sourceTree = "<group>"; };
/* End PBXFileReference section */

/* Begin PBXFrameworksBuildPhase section */
		8640A66C29B4C99300A660C5 /* Frameworks */ = {
			isa = PBXFrameworksBuildPhase;
			buildActionMask = 2147483647;
			files = (
				8640A6A429B4CA5400A660C5 /* Instabug in Frameworks */,
			);
			runOnlyForDeploymentPostprocessing = 0;
		};
		8640A68229B4C99400A660C5 /* Frameworks */ = {
			isa = PBXFrameworksBuildPhase;
			buildActionMask = 2147483647;
			files = (
			);
			runOnlyForDeploymentPostprocessing = 0;
		};
		8640A68C29B4C99400A660C5 /* Frameworks */ = {
			isa = PBXFrameworksBuildPhase;
			buildActionMask = 2147483647;
			files = (
			);
			runOnlyForDeploymentPostprocessing = 0;
		};
/* End PBXFrameworksBuildPhase section */

/* Begin PBXGroup section */
		8640A66629B4C99300A660C5 = {
			isa = PBXGroup;
			children = (
				8640A67129B4C99300A660C5 /* SPMDemo */,
				8640A68829B4C99400A660C5 /* SPMDemoTests */,
				8640A69229B4C99400A660C5 /* SPMDemoUITests */,
				8640A67029B4C99300A660C5 /* Products */,
			);
			sourceTree = "<group>";
		};
		8640A67029B4C99300A660C5 /* Products */ = {
			isa = PBXGroup;
			children = (
				8640A66F29B4C99300A660C5 /* SPMDemo.app */,
				8640A68529B4C99400A660C5 /* SPMDemoTests.xctest */,
				8640A68F29B4C99400A660C5 /* SPMDemoUITests.xctest */,
			);
			name = Products;
			sourceTree = "<group>";
		};
		8640A67129B4C99300A660C5 /* SPMDemo */ = {
			isa = PBXGroup;
			children = (
				8640A67229B4C99300A660C5 /* AppDelegate.swift */,
				8640A67429B4C99300A660C5 /* SceneDelegate.swift */,
				8640A67629B4C99300A660C5 /* ViewController.swift */,
				8640A67829B4C99300A660C5 /* Main.storyboard */,
				8640A67B29B4C99400A660C5 /* Assets.xcassets */,
				8640A67D29B4C99400A660C5 /* LaunchScreen.storyboard */,
				8640A68029B4C99400A660C5 /* Info.plist */,
			);
			path = SPMDemo;
			sourceTree = "<group>";
		};
		8640A68829B4C99400A660C5 /* SPMDemoTests */ = {
			isa = PBXGroup;
			children = (
				8640A68929B4C99400A660C5 /* SPMDemoTests.swift */,
			);
			path = SPMDemoTests;
			sourceTree = "<group>";
		};
		8640A69229B4C99400A660C5 /* SPMDemoUITests */ = {
			isa = PBXGroup;
			children = (
				8640A69329B4C99400A660C5 /* SPMDemoUITests.swift */,
				8640A69529B4C99400A660C5 /* SPMDemoUITestsLaunchTests.swift */,
			);
			path = SPMDemoUITests;
			sourceTree = "<group>";
		};
/* End PBXGroup section */

/* Begin PBXNativeTarget section */
		8640A66E29B4C99300A660C5 /* SPMDemo */ = {
			isa = PBXNativeTarget;
			buildConfigurationList = 8640A69929B4C99400A660C5 /* Build configuration list for PBXNativeTarget "SPMDemo" */;
			buildPhases = (
				8640A66B29B4C99300A660C5 /* Sources */,
				8640A66C29B4C99300A660C5 /* Frameworks */,
				8640A66D29B4C99300A660C5 /* Resources */,
				86FC5FC429B87FF400765F49 /* Upload dSYMs */,
			);
			buildRules = (
			);
			dependencies = (
			);
			name = SPMDemo;
			packageProductDependencies = (
				8640A6A329B4CA5400A660C5 /* Instabug */,
			);
			productName = SPMDemo;
			productReference = 8640A66F29B4C99300A660C5 /* SPMDemo.app */;
			productType = "com.apple.product-type.application";
		};
		8640A68429B4C99400A660C5 /* SPMDemoTests */ = {
			isa = PBXNativeTarget;
			buildConfigurationList = 8640A69C29B4C99400A660C5 /* Build configuration list for PBXNativeTarget "SPMDemoTests" */;
			buildPhases = (
				8640A68129B4C99400A660C5 /* Sources */,
				8640A68229B4C99400A660C5 /* Frameworks */,
				8640A68329B4C99400A660C5 /* Resources */,
			);
			buildRules = (
			);
			dependencies = (
				8640A68729B4C99400A660C5 /* PBXTargetDependency */,
			);
			name = SPMDemoTests;
			productName = SPMDemoTests;
			productReference = 8640A68529B4C99400A660C5 /* SPMDemoTests.xctest */;
			productType = "com.apple.product-type.bundle.unit-test";
		};
		8640A68E29B4C99400A660C5 /* SPMDemoUITests */ = {
			isa = PBXNativeTarget;
			buildConfigurationList = 8640A69F29B4C99400A660C5 /* Build configuration list for PBXNativeTarget "SPMDemoUITests" */;
			buildPhases = (
				8640A68B29B4C99400A660C5 /* Sources */,
				8640A68C29B4C99400A660C5 /* Frameworks */,
				8640A68D29B4C99400A660C5 /* Resources */,
			);
			buildRules = (
			);
			dependencies = (
				8640A69129B4C99400A660C5 /* PBXTargetDependency */,
			);
			name = SPMDemoUITests;
			productName = SPMDemoUITests;
			productReference = 8640A68F29B4C99400A660C5 /* SPMDemoUITests.xctest */;
			productType = "com.apple.product-type.bundle.ui-testing";
		};
/* End PBXNativeTarget section */

/* Begin PBXProject section */
		8640A66729B4C99300A660C5 /* Project object */ = {
			isa = PBXProject;
			attributes = {
				BuildIndependentTargetsInParallel = 1;
				LastSwiftUpdateCheck = 1420;
				LastUpgradeCheck = 1420;
				TargetAttributes = {
					8640A66E29B4C99300A660C5 = {
						CreatedOnToolsVersion = 14.2;
					};
					8640A68429B4C99400A660C5 = {
						CreatedOnToolsVersion = 14.2;
						TestTargetID = 8640A66E29B4C99300A660C5;
					};
					8640A68E29B4C99400A660C5 = {
						CreatedOnToolsVersion = 14.2;
						TestTargetID = 8640A66E29B4C99300A660C5;
					};
				};
			};
			buildConfigurationList = 8640A66A29B4C99300A660C5 /* Build configuration list for PBXProject "SPMDemo" */;
			compatibilityVersion = "Xcode 14.0";
			developmentRegion = en;
			hasScannedForEncodings = 0;
			knownRegions = (
				en,
				Base,
			);
			mainGroup = 8640A66629B4C99300A660C5;
			packageReferences = (
				8640A6A229B4CA5400A660C5 /* XCRemoteSwiftPackageReference "Instabug-SP" */,
			);
			productRefGroup = 8640A67029B4C99300A660C5 /* Products */;
			projectDirPath = "";
			projectRoot = "";
			targets = (
				8640A66E29B4C99300A660C5 /* SPMDemo */,
				8640A68429B4C99400A660C5 /* SPMDemoTests */,
				8640A68E29B4C99400A660C5 /* SPMDemoUITests */,
			);
		};
/* End PBXProject section */

/* Begin PBXResourcesBuildPhase section */
		8640A66D29B4C99300A660C5 /* Resources */ = {
			isa = PBXResourcesBuildPhase;
			buildActionMask = 2147483647;
			files = (
				8640A67F29B4C99400A660C5 /* LaunchScreen.storyboard in Resources */,
				8640A67C29B4C99400A660C5 /* Assets.xcassets in Resources */,
				8640A67A29B4C99300A660C5 /* Main.storyboard in Resources */,
			);
			runOnlyForDeploymentPostprocessing = 0;
		};
		8640A68329B4C99400A660C5 /* Resources */ = {
			isa = PBXResourcesBuildPhase;
			buildActionMask = 2147483647;
			files = (
			);
			runOnlyForDeploymentPostprocessing = 0;
		};
		8640A68D29B4C99400A660C5 /* Resources */ = {
			isa = PBXResourcesBuildPhase;
			buildActionMask = 2147483647;
			files = (
			);
			runOnlyForDeploymentPostprocessing = 0;
		};
/* End PBXResourcesBuildPhase section */

/* Begin PBXShellScriptBuildPhase section */
		86FC5FC429B87FF400765F49 /* Upload dSYMs */ = {
			isa = PBXShellScriptBuildPhase;
			buildActionMask = 2147483647;
			files = (
			);
			inputFileListPaths = (
			);
			inputPaths = (
			);
			name = "Upload dSYMs";
			outputFileListPaths = (
			);
			outputPaths = (
			);
			runOnlyForDeploymentPostprocessing = 0;
			shellPath = /bin/sh;
			shellScript = "#- -- SCRIPT BEGIN - --\n# SKIP_SIMULATOR_BUILDS=1\n  SCRIPT_SRC=$(find \"$BUILT_PRODUCTS_DIR\" -name 'Instabug_dsym_upload.sh' | head -1)\n  if [ ! \"${SCRIPT_SRC}\" ]; then\n    echo \"Instabug: err: script not found. Make sure that you're including InstabugResources.bundle in your project directory\"\n    exit 1\n  fi\n  APP_TOKEN=\"d824b0efb5573e97ac7c03fb03d2d0a3\"\n  source \"${SCRIPT_SRC}\"\n#- -- SCRIPT END - --\n";
		};
/* End PBXShellScriptBuildPhase section */

/* Begin PBXSourcesBuildPhase section */
		8640A66B29B4C99300A660C5 /* Sources */ = {
			isa = PBXSourcesBuildPhase;
			buildActionMask = 2147483647;
			files = (
				8640A67729B4C99300A660C5 /* ViewController.swift in Sources */,
				8640A67329B4C99300A660C5 /* AppDelegate.swift in Sources */,
				8640A67529B4C99300A660C5 /* SceneDelegate.swift in Sources */,
			);
			runOnlyForDeploymentPostprocessing = 0;
		};
		8640A68129B4C99400A660C5 /* Sources */ = {
			isa = PBXSourcesBuildPhase;
			buildActionMask = 2147483647;
			files = (
				8640A68A29B4C99400A660C5 /* SPMDemoTests.swift in Sources */,
			);
			runOnlyForDeploymentPostprocessing = 0;
		};
		8640A68B29B4C99400A660C5 /* Sources */ = {
			isa = PBXSourcesBuildPhase;
			buildActionMask = 2147483647;
			files = (
				8640A69629B4C99400A660C5 /* SPMDemoUITestsLaunchTests.swift in Sources */,
				8640A69429B4C99400A660C5 /* SPMDemoUITests.swift in Sources */,
			);
			runOnlyForDeploymentPostprocessing = 0;
		};
/* End PBXSourcesBuildPhase section */

/* Begin PBXTargetDependency section */
		8640A68729B4C99400A660C5 /* PBXTargetDependency */ = {
			isa = PBXTargetDependency;
			target = 8640A66E29B4C99300A660C5 /* SPMDemo */;
			targetProxy = 8640A68629B4C99400A660C5 /* PBXContainerItemProxy */;
		};
		8640A69129B4C99400A660C5 /* PBXTargetDependency */ = {
			isa = PBXTargetDependency;
			target = 8640A66E29B4C99300A660C5 /* SPMDemo */;
			targetProxy = 8640A69029B4C99400A660C5 /* PBXContainerItemProxy */;
		};
/* End PBXTargetDependency section */

/* Begin PBXVariantGroup section */
		8640A67829B4C99300A660C5 /* Main.storyboard */ = {
			isa = PBXVariantGroup;
			children = (
				8640A67929B4C99300A660C5 /* Base */,
			);
			name = Main.storyboard;
			sourceTree = "<group>";
		};
		8640A67D29B4C99400A660C5 /* LaunchScreen.storyboard */ = {
			isa = PBXVariantGroup;
			children = (
				8640A67E29B4C99400A660C5 /* Base */,
			);
			name = LaunchScreen.storyboard;
			sourceTree = "<group>";
		};
/* End PBXVariantGroup section */

/* Begin XCBuildConfiguration section */
		8640A69729B4C99400A660C5 /* Debug */ = {
			isa = XCBuildConfiguration;
			buildSettings = {
				ALWAYS_SEARCH_USER_PATHS = NO;
				CLANG_ANALYZER_NONNULL = YES;
				CLANG_ANALYZER_NUMBER_OBJECT_CONVERSION = YES_AGGRESSIVE;
				CLANG_CXX_LANGUAGE_STANDARD = "gnu++20";
				CLANG_ENABLE_MODULES = YES;
				CLANG_ENABLE_OBJC_ARC = YES;
				CLANG_ENABLE_OBJC_WEAK = YES;
				CLANG_WARN_BLOCK_CAPTURE_AUTORELEASING = YES;
				CLANG_WARN_BOOL_CONVERSION = YES;
				CLANG_WARN_COMMA = YES;
				CLANG_WARN_CONSTANT_CONVERSION = YES;
				CLANG_WARN_DEPRECATED_OBJC_IMPLEMENTATIONS = YES;
				CLANG_WARN_DIRECT_OBJC_ISA_USAGE = YES_ERROR;
				CLANG_WARN_DOCUMENTATION_COMMENTS = YES;
				CLANG_WARN_EMPTY_BODY = YES;
				CLANG_WARN_ENUM_CONVERSION = YES;
				CLANG_WARN_INFINITE_RECURSION = YES;
				CLANG_WARN_INT_CONVERSION = YES;
				CLANG_WARN_NON_LITERAL_NULL_CONVERSION = YES;
				CLANG_WARN_OBJC_IMPLICIT_RETAIN_SELF = YES;
				CLANG_WARN_OBJC_LITERAL_CONVERSION = YES;
				CLANG_WARN_OBJC_ROOT_CLASS = YES_ERROR;
				CLANG_WARN_QUOTED_INCLUDE_IN_FRAMEWORK_HEADER = YES;
				CLANG_WARN_RANGE_LOOP_ANALYSIS = YES;
				CLANG_WARN_STRICT_PROTOTYPES = YES;
				CLANG_WARN_SUSPICIOUS_MOVE = YES;
				CLANG_WARN_UNGUARDED_AVAILABILITY = YES_AGGRESSIVE;
				CLANG_WARN_UNREACHABLE_CODE = YES;
				CLANG_WARN__DUPLICATE_METHOD_MATCH = YES;
				COPY_PHASE_STRIP = NO;
				DEBUG_INFORMATION_FORMAT = dwarf;
				ENABLE_STRICT_OBJC_MSGSEND = YES;
				ENABLE_TESTABILITY = YES;
				GCC_C_LANGUAGE_STANDARD = gnu11;
				GCC_DYNAMIC_NO_PIC = NO;
				GCC_NO_COMMON_BLOCKS = YES;
				GCC_OPTIMIZATION_LEVEL = 0;
				GCC_PREPROCESSOR_DEFINITIONS = (
					"DEBUG=1",
					"$(inherited)",
				);
				GCC_WARN_64_TO_32_BIT_CONVERSION = YES;
				GCC_WARN_ABOUT_RETURN_TYPE = YES_ERROR;
				GCC_WARN_UNDECLARED_SELECTOR = YES;
				GCC_WARN_UNINITIALIZED_AUTOS = YES_AGGRESSIVE;
				GCC_WARN_UNUSED_FUNCTION = YES;
				GCC_WARN_UNUSED_VARIABLE = YES;
				IPHONEOS_DEPLOYMENT_TARGET = 16.2;
				MTL_ENABLE_DEBUG_INFO = INCLUDE_SOURCE;
				MTL_FAST_MATH = YES;
				ONLY_ACTIVE_ARCH = YES;
				SDKROOT = iphoneos;
				SWIFT_ACTIVE_COMPILATION_CONDITIONS = DEBUG;
				SWIFT_OPTIMIZATION_LEVEL = "-Onone";
			};
			name = Debug;
		};
		8640A69829B4C99400A660C5 /* Release */ = {
			isa = XCBuildConfiguration;
			buildSettings = {
				ALWAYS_SEARCH_USER_PATHS = NO;
				CLANG_ANALYZER_NONNULL = YES;
				CLANG_ANALYZER_NUMBER_OBJECT_CONVERSION = YES_AGGRESSIVE;
				CLANG_CXX_LANGUAGE_STANDARD = "gnu++20";
				CLANG_ENABLE_MODULES = YES;
				CLANG_ENABLE_OBJC_ARC = YES;
				CLANG_ENABLE_OBJC_WEAK = YES;
				CLANG_WARN_BLOCK_CAPTURE_AUTORELEASING = YES;
				CLANG_WARN_BOOL_CONVERSION = YES;
				CLANG_WARN_COMMA = YES;
				CLANG_WARN_CONSTANT_CONVERSION = YES;
				CLANG_WARN_DEPRECATED_OBJC_IMPLEMENTATIONS = YES;
				CLANG_WARN_DIRECT_OBJC_ISA_USAGE = YES_ERROR;
				CLANG_WARN_DOCUMENTATION_COMMENTS = YES;
				CLANG_WARN_EMPTY_BODY = YES;
				CLANG_WARN_ENUM_CONVERSION = YES;
				CLANG_WARN_INFINITE_RECURSION = YES;
				CLANG_WARN_INT_CONVERSION = YES;
				CLANG_WARN_NON_LITERAL_NULL_CONVERSION = YES;
				CLANG_WARN_OBJC_IMPLICIT_RETAIN_SELF = YES;
				CLANG_WARN_OBJC_LITERAL_CONVERSION = YES;
				CLANG_WARN_OBJC_ROOT_CLASS = YES_ERROR;
				CLANG_WARN_QUOTED_INCLUDE_IN_FRAMEWORK_HEADER = YES;
				CLANG_WARN_RANGE_LOOP_ANALYSIS = YES;
				CLANG_WARN_STRICT_PROTOTYPES = YES;
				CLANG_WARN_SUSPICIOUS_MOVE = YES;
				CLANG_WARN_UNGUARDED_AVAILABILITY = YES_AGGRESSIVE;
				CLANG_WARN_UNREACHABLE_CODE = YES;
				CLANG_WARN__DUPLICATE_METHOD_MATCH = YES;
				COPY_PHASE_STRIP = NO;
				DEBUG_INFORMATION_FORMAT = "dwarf-with-dsym";
				ENABLE_NS_ASSERTIONS = NO;
				ENABLE_STRICT_OBJC_MSGSEND = YES;
				GCC_C_LANGUAGE_STANDARD = gnu11;
				GCC_NO_COMMON_BLOCKS = YES;
				GCC_WARN_64_TO_32_BIT_CONVERSION = YES;
				GCC_WARN_ABOUT_RETURN_TYPE = YES_ERROR;
				GCC_WARN_UNDECLARED_SELECTOR = YES;
				GCC_WARN_UNINITIALIZED_AUTOS = YES_AGGRESSIVE;
				GCC_WARN_UNUSED_FUNCTION = YES;
				GCC_WARN_UNUSED_VARIABLE = YES;
				IPHONEOS_DEPLOYMENT_TARGET = 16.2;
				MTL_ENABLE_DEBUG_INFO = NO;
				MTL_FAST_MATH = YES;
				SDKROOT = iphoneos;
				SWIFT_COMPILATION_MODE = wholemodule;
				SWIFT_OPTIMIZATION_LEVEL = "-O";
				VALIDATE_PRODUCT = YES;
			};
			name = Release;
		};
		8640A69A29B4C99400A660C5 /* Debug */ = {
			isa = XCBuildConfiguration;
			buildSettings = {
				ASSETCATALOG_COMPILER_APPICON_NAME = AppIcon;
				ASSETCATALOG_COMPILER_GLOBAL_ACCENT_COLOR_NAME = AccentColor;
				CODE_SIGN_STYLE = Automatic;
				CURRENT_PROJECT_VERSION = 1;
				DEVELOPMENT_TEAM = 56S6Q9SA8U;
				GENERATE_INFOPLIST_FILE = YES;
				INFOPLIST_FILE = SPMDemo/Info.plist;
				INFOPLIST_KEY_UIApplicationSupportsIndirectInputEvents = YES;
				INFOPLIST_KEY_UILaunchStoryboardName = LaunchScreen;
				INFOPLIST_KEY_UIMainStoryboardFile = Main;
				INFOPLIST_KEY_UISupportedInterfaceOrientations_iPad = "UIInterfaceOrientationPortrait UIInterfaceOrientationPortraitUpsideDown UIInterfaceOrientationLandscapeLeft UIInterfaceOrientationLandscapeRight";
				INFOPLIST_KEY_UISupportedInterfaceOrientations_iPhone = "UIInterfaceOrientationPortrait UIInterfaceOrientationLandscapeLeft UIInterfaceOrientationLandscapeRight";
				LD_RUNPATH_SEARCH_PATHS = (
					"$(inherited)",
					"@executable_path/Frameworks",
				);
				MARKETING_VERSION = 1.0;
				PRODUCT_BUNDLE_IDENTIFIER = com.Instabug.InstaAnnotate;
				PRODUCT_NAME = "$(TARGET_NAME)";
				SWIFT_EMIT_LOC_STRINGS = YES;
				SWIFT_VERSION = 5.0;
				TARGETED_DEVICE_FAMILY = "1,2";
			};
			name = Debug;
		};
		8640A69B29B4C99400A660C5 /* Release */ = {
			isa = XCBuildConfiguration;
			buildSettings = {
				ASSETCATALOG_COMPILER_APPICON_NAME = AppIcon;
				ASSETCATALOG_COMPILER_GLOBAL_ACCENT_COLOR_NAME = AccentColor;
				CODE_SIGN_STYLE = Automatic;
				CURRENT_PROJECT_VERSION = 1;
				DEVELOPMENT_TEAM = 56S6Q9SA8U;
				GENERATE_INFOPLIST_FILE = YES;
				INFOPLIST_FILE = SPMDemo/Info.plist;
				INFOPLIST_KEY_UIApplicationSupportsIndirectInputEvents = YES;
				INFOPLIST_KEY_UILaunchStoryboardName = LaunchScreen;
				INFOPLIST_KEY_UIMainStoryboardFile = Main;
				INFOPLIST_KEY_UISupportedInterfaceOrientations_iPad = "UIInterfaceOrientationPortrait UIInterfaceOrientationPortraitUpsideDown UIInterfaceOrientationLandscapeLeft UIInterfaceOrientationLandscapeRight";
				INFOPLIST_KEY_UISupportedInterfaceOrientations_iPhone = "UIInterfaceOrientationPortrait UIInterfaceOrientationLandscapeLeft UIInterfaceOrientationLandscapeRight";
				LD_RUNPATH_SEARCH_PATHS = (
					"$(inherited)",
					"@executable_path/Frameworks",
				);
				MARKETING_VERSION = 1.0;
				PRODUCT_BUNDLE_IDENTIFIER = com.Instabug.InstaAnnotate;
				PRODUCT_NAME = "$(TARGET_NAME)";
				SWIFT_EMIT_LOC_STRINGS = YES;
				SWIFT_VERSION = 5.0;
				TARGETED_DEVICE_FAMILY = "1,2";
			};
			name = Release;
		};
		8640A69D29B4C99400A660C5 /* Debug */ = {
			isa = XCBuildConfiguration;
			buildSettings = {
				ALWAYS_EMBED_SWIFT_STANDARD_LIBRARIES = YES;
				BUNDLE_LOADER = "$(TEST_HOST)";
				CODE_SIGN_STYLE = Automatic;
				CURRENT_PROJECT_VERSION = 1;
				GENERATE_INFOPLIST_FILE = YES;
				IPHONEOS_DEPLOYMENT_TARGET = 16.2;
				MARKETING_VERSION = 1.0;
				PRODUCT_BUNDLE_IDENTIFIER = com.eyadheikal.SPMDemoTests;
				PRODUCT_NAME = "$(TARGET_NAME)";
				SWIFT_EMIT_LOC_STRINGS = NO;
				SWIFT_VERSION = 5.0;
				TARGETED_DEVICE_FAMILY = "1,2";
				TEST_HOST = "$(BUILT_PRODUCTS_DIR)/SPMDemo.app/$(BUNDLE_EXECUTABLE_FOLDER_PATH)/SPMDemo";
			};
			name = Debug;
		};
		8640A69E29B4C99400A660C5 /* Release */ = {
			isa = XCBuildConfiguration;
			buildSettings = {
				ALWAYS_EMBED_SWIFT_STANDARD_LIBRARIES = YES;
				BUNDLE_LOADER = "$(TEST_HOST)";
				CODE_SIGN_STYLE = Automatic;
				CURRENT_PROJECT_VERSION = 1;
				GENERATE_INFOPLIST_FILE = YES;
				IPHONEOS_DEPLOYMENT_TARGET = 16.2;
				MARKETING_VERSION = 1.0;
				PRODUCT_BUNDLE_IDENTIFIER = com.eyadheikal.SPMDemoTests;
				PRODUCT_NAME = "$(TARGET_NAME)";
				SWIFT_EMIT_LOC_STRINGS = NO;
				SWIFT_VERSION = 5.0;
				TARGETED_DEVICE_FAMILY = "1,2";
				TEST_HOST = "$(BUILT_PRODUCTS_DIR)/SPMDemo.app/$(BUNDLE_EXECUTABLE_FOLDER_PATH)/SPMDemo";
			};
			name = Release;
		};
		8640A6A029B4C99400A660C5 /* Debug */ = {
			isa = XCBuildConfiguration;
			buildSettings = {
				ALWAYS_EMBED_SWIFT_STANDARD_LIBRARIES = YES;
				CODE_SIGN_STYLE = Automatic;
				CURRENT_PROJECT_VERSION = 1;
				GENERATE_INFOPLIST_FILE = YES;
				MARKETING_VERSION = 1.0;
				PRODUCT_BUNDLE_IDENTIFIER = com.eyadheikal.SPMDemoUITests;
				PRODUCT_NAME = "$(TARGET_NAME)";
				SWIFT_EMIT_LOC_STRINGS = NO;
				SWIFT_VERSION = 5.0;
				TARGETED_DEVICE_FAMILY = "1,2";
				TEST_TARGET_NAME = SPMDemo;
			};
			name = Debug;
		};
		8640A6A129B4C99400A660C5 /* Release */ = {
			isa = XCBuildConfiguration;
			buildSettings = {
				ALWAYS_EMBED_SWIFT_STANDARD_LIBRARIES = YES;
				CODE_SIGN_STYLE = Automatic;
				CURRENT_PROJECT_VERSION = 1;
				GENERATE_INFOPLIST_FILE = YES;
				MARKETING_VERSION = 1.0;
				PRODUCT_BUNDLE_IDENTIFIER = com.eyadheikal.SPMDemoUITests;
				PRODUCT_NAME = "$(TARGET_NAME)";
				SWIFT_EMIT_LOC_STRINGS = NO;
				SWIFT_VERSION = 5.0;
				TARGETED_DEVICE_FAMILY = "1,2";
				TEST_TARGET_NAME = SPMDemo;
			};
			name = Release;
		};
/* End XCBuildConfiguration section */

/* Begin XCConfigurationList section */
		8640A66A29B4C99300A660C5 /* Build configuration list for PBXProject "SPMDemo" */ = {
			isa = XCConfigurationList;
			buildConfigurations = (
				8640A69729B4C99400A660C5 /* Debug */,
				8640A69829B4C99400A660C5 /* Release */,
			);
			defaultConfigurationIsVisible = 0;
			defaultConfigurationName = Release;
		};
		8640A69929B4C99400A660C5 /* Build configuration list for PBXNativeTarget "SPMDemo" */ = {
			isa = XCConfigurationList;
			buildConfigurations = (
				8640A69A29B4C99400A660C5 /* Debug */,
				8640A69B29B4C99400A660C5 /* Release */,
			);
			defaultConfigurationIsVisible = 0;
			defaultConfigurationName = Release;
		};
		8640A69C29B4C99400A660C5 /* Build configuration list for PBXNativeTarget "SPMDemoTests" */ = {
			isa = XCConfigurationList;
			buildConfigurations = (
				8640A69D29B4C99400A660C5 /* Debug */,
				8640A69E29B4C99400A660C5 /* Release */,
			);
			defaultConfigurationIsVisible = 0;
			defaultConfigurationName = Release;
		};
		8640A69F29B4C99400A660C5 /* Build configuration list for PBXNativeTarget "SPMDemoUITests" */ = {
			isa = XCConfigurationList;
			buildConfigurations = (
				8640A6A029B4C99400A660C5 /* Debug */,
				8640A6A129B4C99400A660C5 /* Release */,
			);
			defaultConfigurationIsVisible = 0;
			defaultConfigurationName = Release;
		};
/* End XCConfigurationList section */

/* Begin XCRemoteSwiftPackageReference section */
		8640A6A229B4CA5400A660C5 /* XCRemoteSwiftPackageReference "Instabug-SP" */ = {
			isa = XCRemoteSwiftPackageReference;
			repositoryURL = "git@github.com:Instabug/Instabug-SP.git";
			requirement = {
				kind = upToNextMinorVersion;
				minimumVersion = 11.9.0;
			};
		};
/* End XCRemoteSwiftPackageReference section */

/* Begin XCSwiftPackageProductDependency section */
		8640A6A329B4CA5400A660C5 /* Instabug */ = {
			isa = XCSwiftPackageProductDependency;
			package = 8640A6A229B4CA5400A660C5 /* XCRemoteSwiftPackageReference "Instabug-SP" */;
			productName = Instabug;
		};
/* End XCSwiftPackageProductDependency section */
	};
	rootObject = 8640A66729B4C99300A660C5 /* Project object */;
}
